// !$*UTF8*$!
{
	archiveVersion = 1;
	classes = {
	};
	objectVersion = 46;
	objects = {

/* Begin PBXFileReference section */
		497F47261B01DD1200541D6A /* test.py */ = {isa = PBXFileReference; fileEncoding = 4; lastKnownFileType = text.script.python; path = test.py; sourceTree = "<group>"; };
		497F47271B01DDD200541D6A /* data_screen.py */ = {isa = PBXFileReference; fileEncoding = 4; lastKnownFileType = text.script.python; name = data_screen.py; path = ../pyDCprogs/data_screen.py; sourceTree = "<group>"; };
		497F47281B01DDD300541D6A /* data_screen.pyc */ = {isa = PBXFileReference; lastKnownFileType = file; name = data_screen.pyc; path = ../pyDCprogs/data_screen.pyc; sourceTree = "<group>"; };
		497F47291B01DDD300541D6A /* DC_PyPs_AP.txt */ = {isa = PBXFileReference; fileEncoding = 4; lastKnownFileType = text; name = DC_PyPs_AP.txt; path = ../pyDCprogs/DC_PyPs_AP.txt; sourceTree = "<group>"; };
		497F472A1B01DDD300541D6A /* DC_PyPs.py */ = {isa = PBXFileReference; fileEncoding = 4; lastKnownFileType = text.script.python; name = DC_PyPs.py; path = ../pyDCprogs/DC_PyPs.py; sourceTree = "<group>"; };
		497F472B1B01DDD300541D6A /* dca2.gif */ = {isa = PBXFileReference; lastKnownFileType = image.gif; name = dca2.gif; path = ../pyDCprogs/dca2.gif; sourceTree = "<group>"; };
		497F472C1B01DDD300541D6A /* dca2.jpg */ = {isa = PBXFileReference; lastKnownFileType = image.jpeg; name = dca2.jpg; path = ../pyDCprogs/dca2.jpg; sourceTree = "<group>"; };
		497F472D1B01DDD300541D6A /* dca2.png */ = {isa = PBXFileReference; lastKnownFileType = image.png; name = dca2.png; path = ../pyDCprogs/dca2.png; sourceTree = "<group>"; };
		497F472E1B01DDD300541D6A /* DistPlotParam.py */ = {isa = PBXFileReference; fileEncoding = 4; lastKnownFileType = text.script.python; name = DistPlotParam.py; path = ../pyDCprogs/DistPlotParam.py; sourceTree = "<group>"; };
		497F472F1B01DDD300541D6A /* DistPlotParam.pyc */ = {isa = PBXFileReference; lastKnownFileType = file; name = DistPlotParam.pyc; path = ../pyDCprogs/DistPlotParam.pyc; sourceTree = "<group>"; };
		497F47301B01DDD300541D6A /* Fieller.py */ = {isa = PBXFileReference; fileEncoding = 4; lastKnownFileType = text.script.python; name = Fieller.py; path = ../pyDCprogs/Fieller.py; sourceTree = "<group>"; };
		497F47311B01DDD300541D6A /* Fieller.pyc */ = {isa = PBXFileReference; lastKnownFileType = file; name = Fieller.pyc; path = ../pyDCprogs/Fieller.pyc; sourceTree = "<group>"; };
		497F47321B01DDD300541D6A /* FrameFieller.py */ = {isa = PBXFileReference; fileEncoding = 4; lastKnownFileType = text.script.python; name = FrameFieller.py; path = ../pyDCprogs/FrameFieller.py; sourceTree = "<group>"; };
		497F47331B01DDD300541D6A /* FrameFieller.pyc */ = {isa = PBXFileReference; lastKnownFileType = file; name = FrameFieller.pyc; path = ../pyDCprogs/FrameFieller.pyc; sourceTree = "<group>"; };
		497F47341B01DDD300541D6A /* FrameRantestBinomial.py */ = {isa = PBXFileReference; fileEncoding = 4; lastKnownFileType = text.script.python; name = FrameRantestBinomial.py; path = ../pyDCprogs/FrameRantestBinomial.py; sourceTree = "<group>"; };
		497F47351B01DDD300541D6A /* FrameRantestBinomial.pyc */ = {isa = PBXFileReference; lastKnownFileType = file; name = FrameRantestBinomial.pyc; path = ../pyDCprogs/FrameRantestBinomial.pyc; sourceTree = "<group>"; };
		497F47361B01DDD300541D6A /* FrameRantestContinuous_old.py */ = {isa = PBXFileReference; fileEncoding = 4; lastKnownFileType = text.script.python; name = FrameRantestContinuous_old.py; path = ../pyDCprogs/FrameRantestContinuous_old.py; sourceTree = "<group>"; };
		497F47371B01DDD300541D6A /* FrameRantestContinuous.py */ = {isa = PBXFileReference; fileEncoding = 4; lastKnownFileType = text.script.python; name = FrameRantestContinuous.py; path = ../pyDCprogs/FrameRantestContinuous.py; sourceTree = "<group>"; };
		497F47381B01DDD300541D6A /* FrameRantestContinuous.pyc */ = {isa = PBXFileReference; lastKnownFileType = file; name = FrameRantestContinuous.pyc; path = ../pyDCprogs/FrameRantestContinuous.pyc; sourceTree = "<group>"; };
		497F47391B01DDD300541D6A /* k667.txt */ = {isa = PBXFileReference; fileEncoding = 4; lastKnownFileType = text; name = k667.txt; path = ../pyDCprogs/k667.txt; sourceTree = "<group>"; };
		497F473A1B01DDD300541D6A /* PlotRandomDist.py */ = {isa = PBXFileReference; fileEncoding = 4; lastKnownFileType = text.script.python; name = PlotRandomDist.py; path = ../pyDCprogs/PlotRandomDist.py; sourceTree = "<group>"; };
		497F473B1B01DDD300541D6A /* PlotRandomDist.pyc */ = {isa = PBXFileReference; lastKnownFileType = file; name = PlotRandomDist.pyc; path = ../pyDCprogs/PlotRandomDist.pyc; sourceTree = "<group>"; };
		497F473C1B01DDD300541D6A /* qt_DCProgs Mac.tiff */ = {isa = PBXFileReference; lastKnownFileType = image.tiff; name = "qt_DCProgs Mac.tiff"; path = "../pyDCprogs/qt_DCProgs Mac.tiff"; sourceTree = "<group>"; };
		497F473D1B01DDD300541D6A /* Rantest.py */ = {isa = PBXFileReference; fileEncoding = 4; lastKnownFileType = text.script.python; name = Rantest.py; path = ../pyDCprogs/Rantest.py; sourceTree = "<group>"; };
		497F473E1B01DDD300541D6A /* Rantest.pyc */ = {isa = PBXFileReference; lastKnownFileType = file; name = Rantest.pyc; path = ../pyDCprogs/Rantest.pyc; sourceTree = "<group>"; };
		497F473F1B01DDD300541D6A /* ReadRandat.py */ = {isa = PBXFileReference; fileEncoding = 4; lastKnownFileType = text.script.python; name = ReadRandat.py; path = ../pyDCprogs/ReadRandat.py; sourceTree = "<group>"; };
		497F47401B01DDD300541D6A /* ReadRandat.pyc */ = {isa = PBXFileReference; lastKnownFileType = file; name = ReadRandat.pyc; path = ../pyDCprogs/ReadRandat.pyc; sourceTree = "<group>"; };
		497F47411B01DDD300541D6A /* setup.py */ = {isa = PBXFileReference; fileEncoding = 4; lastKnownFileType = text.script.python; name = setup.py; path = ../pyDCprogs/setup.py; sourceTree = "<group>"; };
		497F47421B01DDD300541D6A /* statistics */ = {isa = PBXFileReference; lastKnownFileType = folder; name = statistics; path = ../pyDCprogs/statistics; sourceTree = "<group>"; };
		497F47431B01DDD300541D6A /* t.txt */ = {isa = PBXFileReference; fileEncoding = 4; lastKnownFileType = text; name = t.txt; path = ../pyDCprogs/t.txt; sourceTree = "<group>"; };
		497F47441B01DDD300541D6A /* test.txt */ = {isa = PBXFileReference; fileEncoding = 4; lastKnownFileType = text; name = test.txt; path = ../pyDCprogs/test.txt; sourceTree = "<group>"; };
		497F47451B01DDD300541D6A /* win_setup.py */ = {isa = PBXFileReference; fileEncoding = 4; lastKnownFileType = text.script.python; name = win_setup.py; path = ../pyDCprogs/win_setup.py; sourceTree = "<group>"; };
/* End PBXFileReference section */

/* Begin PBXGroup section */
		497F471A1B01D5A900541D6A = {
			isa = PBXGroup;
			children = (
				497F47261B01DD1200541D6A /* test.py */,
				497F47271B01DDD200541D6A /* data_screen.py */,
				497F47281B01DDD300541D6A /* data_screen.pyc */,
				497F47291B01DDD300541D6A /* DC_PyPs_AP.txt */,
				497F472A1B01DDD300541D6A /* DC_PyPs.py */,
				497F472B1B01DDD300541D6A /* dca2.gif */,
				497F472C1B01DDD300541D6A /* dca2.jpg */,
				497F472D1B01DDD300541D6A /* dca2.png */,
				497F472E1B01DDD300541D6A /* DistPlotParam.py */,
				497F472F1B01DDD300541D6A /* DistPlotParam.pyc */,
				497F47301B01DDD300541D6A /* Fieller.py */,
				497F47311B01DDD300541D6A /* Fieller.pyc */,
				497F47321B01DDD300541D6A /* FrameFieller.py */,
				497F47331B01DDD300541D6A /* FrameFieller.pyc */,
				497F47341B01DDD300541D6A /* FrameRantestBinomial.py */,
				497F47351B01DDD300541D6A /* FrameRantestBinomial.pyc */,
				497F47361B01DDD300541D6A /* FrameRantestContinuous_old.py */,
				497F47371B01DDD300541D6A /* FrameRantestContinuous.py */,
				497F47381B01DDD300541D6A /* FrameRantestContinuous.pyc */,
				497F47391B01DDD300541D6A /* k667.txt */,
				497F473A1B01DDD300541D6A /* PlotRandomDist.py */,
				497F473B1B01DDD300541D6A /* PlotRandomDist.pyc */,
				497F473C1B01DDD300541D6A /* qt_DCProgs Mac.tiff */,
				497F473D1B01DDD300541D6A /* Rantest.py */,
				497F473E1B01DDD300541D6A /* Rantest.pyc */,
				497F473F1B01DDD300541D6A /* ReadRandat.py */,
				497F47401B01DDD300541D6A /* ReadRandat.pyc */,
				497F47411B01DDD300541D6A /* setup.py */,
				497F47421B01DDD300541D6A /* statistics */,
				497F47431B01DDD300541D6A /* t.txt */,
				497F47441B01DDD300541D6A /* test.txt */,
				497F47451B01DDD300541D6A /* win_setup.py */,
			);
			sourceTree = "<group>";
		};
/* End PBXGroup section */

/* Begin PBXLegacyTarget section */
		497F471F1B01D5A900541D6A /* DC_Pyps */ = {
			isa = PBXLegacyTarget;
			buildArgumentsString = "$(ACTION)";
			buildConfigurationList = 497F47221B01D5A900541D6A /* Build configuration list for PBXLegacyTarget "DC_Pyps" */;
			buildPhases = (
			);
			buildToolPath = /sw/bin/python2.7;
			dependencies = (
			);
			name = DC_Pyps;
			passBuildSettingsInEnvironment = 1;
			productName = DC_Pyps;
		};
/* End PBXLegacyTarget section */

/* Begin PBXProject section */
		497F471B1B01D5A900541D6A /* Project object */ = {
			isa = PBXProject;
			attributes = {
				LastUpgradeCheck = 0630;
				ORGANIZATIONNAME = Andrew;
				TargetAttributes = {
					497F471F1B01D5A900541D6A = {
						CreatedOnToolsVersion = 6.3.1;
					};
				};
			};
			buildConfigurationList = 497F471E1B01D5A900541D6A /* Build configuration list for PBXProject "DC_Pyps" */;
			compatibilityVersion = "Xcode 3.2";
			developmentRegion = English;
			hasScannedForEncodings = 0;
			knownRegions = (
				en,
			);
			mainGroup = 497F471A1B01D5A900541D6A;
			projectDirPath = "";
			projectRoot = "";
			targets = (
				497F471F1B01D5A900541D6A /* DC_Pyps */,
			);
		};
/* End PBXProject section */

/* Begin XCBuildConfiguration section */
		497F47201B01D5A900541D6A /* Debug */ = {
			isa = XCBuildConfiguration;
			buildSettings = {
				ALWAYS_SEARCH_USER_PATHS = NO;
				CLANG_CXX_LANGUAGE_STANDARD = "gnu++0x";
				CLANG_CXX_LIBRARY = "libc++";
				CLANG_ENABLE_MODULES = YES;
				CLANG_ENABLE_OBJC_ARC = YES;
				CLANG_WARN_BOOL_CONVERSION = YES;
				CLANG_WARN_CONSTANT_CONVERSION = YES;
				CLANG_WARN_DIRECT_OBJC_ISA_USAGE = YES_ERROR;
				CLANG_WARN_EMPTY_BODY = YES;
				CLANG_WARN_ENUM_CONVERSION = YES;
				CLANG_WARN_INT_CONVERSION = YES;
				CLANG_WARN_OBJC_ROOT_CLASS = YES_ERROR;
				CLANG_WARN_UNREACHABLE_CODE = YES;
				CLANG_WARN__DUPLICATE_METHOD_MATCH = YES;
				COPY_PHASE_STRIP = NO;
				DEBUG_INFORMATION_FORMAT = dwarf;
				ENABLE_STRICT_OBJC_MSGSEND = YES;
				GCC_C_LANGUAGE_STANDARD = gnu99;
				GCC_DYNAMIC_NO_PIC = NO;
				GCC_NO_COMMON_BLOCKS = YES;
				GCC_OPTIMIZATION_LEVEL = 0;
				GCC_PREPROCESSOR_DEFINITIONS = (
					"DEBUG=1",
					"$(inherited)",
				);
				GCC_SYMBOLS_PRIVATE_EXTERN = NO;
				GCC_WARN_64_TO_32_BIT_CONVERSION = YES;
				GCC_WARN_ABOUT_RETURN_TYPE = YES_ERROR;
				GCC_WARN_UNDECLARED_SELECTOR = YES;
				GCC_WARN_UNINITIALIZED_AUTOS = YES_AGGRESSIVE;
				GCC_WARN_UNUSED_FUNCTION = YES;
				GCC_WARN_UNUSED_VARIABLE = YES;
				MACOSX_DEPLOYMENT_TARGET = 10.10;
				MTL_ENABLE_DEBUG_INFO = YES;
				ONLY_ACTIVE_ARCH = YES;
				SDKROOT = macosx;
			};
			name = Debug;
		};
		497F47211B01D5A900541D6A /* Release */ = {
			isa = XCBuildConfiguration;
			buildSettings = {
				ALWAYS_SEARCH_USER_PATHS = NO;
				CLANG_CXX_LANGUAGE_STANDARD = "gnu++0x";
				CLANG_CXX_LIBRARY = "libc++";
				CLANG_ENABLE_MODULES = YES;
				CLANG_ENABLE_OBJC_ARC = YES;
				CLANG_WARN_BOOL_CONVERSION = YES;
				CLANG_WARN_CONSTANT_CONVERSION = YES;
				CLANG_WARN_DIRECT_OBJC_ISA_USAGE = YES_ERROR;
				CLANG_WARN_EMPTY_BODY = YES;
				CLANG_WARN_ENUM_CONVERSION = YES;
				CLANG_WARN_INT_CONVERSION = YES;
				CLANG_WARN_OBJC_ROOT_CLASS = YES_ERROR;
				CLANG_WARN_UNREACHABLE_CODE = YES;
				CLANG_WARN__DUPLICATE_METHOD_MATCH = YES;
				COPY_PHASE_STRIP = NO;
				DEBUG_INFORMATION_FORMAT = "dwarf-with-dsym";
				ENABLE_NS_ASSERTIONS = NO;
				ENABLE_STRICT_OBJC_MSGSEND = YES;
				GCC_C_LANGUAGE_STANDARD = gnu99;
				GCC_NO_COMMON_BLOCKS = YES;
				GCC_WARN_64_TO_32_BIT_CONVERSION = YES;
				GCC_WARN_ABOUT_RETURN_TYPE = YES_ERROR;
				GCC_WARN_UNDECLARED_SELECTOR = YES;
				GCC_WARN_UNINITIALIZED_AUTOS = YES_AGGRESSIVE;
				GCC_WARN_UNUSED_FUNCTION = YES;
				GCC_WARN_UNUSED_VARIABLE = YES;
				MACOSX_DEPLOYMENT_TARGET = 10.10;
				MTL_ENABLE_DEBUG_INFO = NO;
				SDKROOT = macosx;
			};
			name = Release;
		};
		497F47231B01D5A900541D6A /* Debug */ = {
			isa = XCBuildConfiguration;
			buildSettings = {
				DEBUGGING_SYMBOLS = YES;
				GCC_GENERATE_DEBUGGING_SYMBOLS = YES;
				GCC_OPTIMIZATION_LEVEL = 0;
				OTHER_CFLAGS = "";
				OTHER_LDFLAGS = "";
				PRODUCT_NAME = "$(TARGET_NAME)";
			};
			name = Debug;
		};
		497F47241B01D5A900541D6A /* Release */ = {
			isa = XCBuildConfiguration;
			buildSettings = {
				OTHER_CFLAGS = "";
				OTHER_LDFLAGS = "";
				PRODUCT_NAME = "$(TARGET_NAME)";
			};
			name = Release;
		};
/* End XCBuildConfiguration section */

/* Begin XCConfigurationList section */
		497F471E1B01D5A900541D6A /* Build configuration list for PBXProject "DC_Pyps" */ = {
			isa = XCConfigurationList;
			buildConfigurations = (
				497F47201B01D5A900541D6A /* Debug */,
				497F47211B01D5A900541D6A /* Release */,
			);
			defaultConfigurationIsVisible = 0;
			defaultConfigurationName = Release;
		};
		497F47221B01D5A900541D6A /* Build configuration list for PBXLegacyTarget "DC_Pyps" */ = {
			isa = XCConfigurationList;
			buildConfigurations = (
				497F47231B01D5A900541D6A /* Debug */,
				497F47241B01D5A900541D6A /* Release */,
			);
			defaultConfigurationIsVisible = 0;
			defaultConfigurationName = Release;
		};
/* End XCConfigurationList section */
	};
	rootObject = 497F471B1B01D5A900541D6A /* Project object */;
}
