// !$*UTF8*$!
{
	archiveVersion = 1;
	classes = {
	};
	objectVersion = 46;
	objects = {

/* Begin PBXFileReference section */
		495F97241B188C33008F94B7 /* statistics_EJ.py */ = {isa = PBXFileReference; fileEncoding = 4; lastKnownFileType = text.script.python; path = statistics_EJ.py; sourceTree = "<group>"; };
		497F47461B01E7DA00541D6A /* data_screen.py */ = {isa = PBXFileReference; fileEncoding = 4; lastKnownFileType = text.script.python; path = data_screen.py; sourceTree = "<group>"; };
		497F47471B01E7DA00541D6A /* data_screen.pyc */ = {isa = PBXFileReference; lastKnownFileType = file; path = data_screen.pyc; sourceTree = "<group>"; };
		497F47481B01E7DA00541D6A /* DC_PyPs_AP.txt */ = {isa = PBXFileReference; fileEncoding = 4; lastKnownFileType = text; path = DC_PyPs_AP.txt; sourceTree = "<group>"; };
		497F47491B01E7DA00541D6A /* DC_Stats.py */ = {isa = PBXFileReference; fileEncoding = 4; lastKnownFileType = text.script.python; path = DC_Stats.py; sourceTree = "<group>"; };
		497F474A1B01E7DA00541D6A /* dca2.gif */ = {isa = PBXFileReference; lastKnownFileType = image.gif; path = dca2.gif; sourceTree = "<group>"; };
		497F474B1B01E7DA00541D6A /* dca2.jpg */ = {isa = PBXFileReference; lastKnownFileType = image.jpeg; path = dca2.jpg; sourceTree = "<group>"; };
		497F474C1B01E7DA00541D6A /* dca2.png */ = {isa = PBXFileReference; lastKnownFileType = image.png; path = dca2.png; sourceTree = "<group>"; };
		497F474D1B01E7DA00541D6A /* DistPlotParam.py */ = {isa = PBXFileReference; fileEncoding = 4; lastKnownFileType = text.script.python; path = DistPlotParam.py; sourceTree = "<group>"; };
		497F474E1B01E7DA00541D6A /* DistPlotParam.pyc */ = {isa = PBXFileReference; lastKnownFileType = file; path = DistPlotParam.pyc; sourceTree = "<group>"; };
		497F474F1B01E7DA00541D6A /* Fieller.py */ = {isa = PBXFileReference; fileEncoding = 4; lastKnownFileType = text.script.python; path = Fieller.py; sourceTree = "<group>"; };
		497F47501B01E7DA00541D6A /* Fieller.pyc */ = {isa = PBXFileReference; lastKnownFileType = file; path = Fieller.pyc; sourceTree = "<group>"; };
		497F47511B01E7DA00541D6A /* FrameFieller.py */ = {isa = PBXFileReference; fileEncoding = 4; lastKnownFileType = text.script.python; path = FrameFieller.py; sourceTree = "<group>"; };
		497F47521B01E7DA00541D6A /* FrameFieller.pyc */ = {isa = PBXFileReference; lastKnownFileType = file; path = FrameFieller.pyc; sourceTree = "<group>"; };
		497F47531B01E7DA00541D6A /* FrameRantestBinomial.py */ = {isa = PBXFileReference; fileEncoding = 4; lastKnownFileType = text.script.python; path = FrameRantestBinomial.py; sourceTree = "<group>"; };
		497F47541B01E7DA00541D6A /* FrameRantestBinomial.pyc */ = {isa = PBXFileReference; lastKnownFileType = file; path = FrameRantestBinomial.pyc; sourceTree = "<group>"; };
		497F47561B01E7DA00541D6A /* FrameRantestContinuous.py */ = {isa = PBXFileReference; fileEncoding = 4; lastKnownFileType = text.script.python; path = FrameRantestContinuous.py; sourceTree = "<group>"; };
		497F47571B01E7DA00541D6A /* FrameRantestContinuous.pyc */ = {isa = PBXFileReference; lastKnownFileType = file; path = FrameRantestContinuous.pyc; sourceTree = "<group>"; };
		497F47581B01E7DA00541D6A /* test_lowP.txt */ = {isa = PBXFileReference; fileEncoding = 4; lastKnownFileType = text; path = test_lowP.txt; sourceTree = "<group>"; };
		497F47591B01E7DA00541D6A /* PlotRandomDist.py */ = {isa = PBXFileReference; fileEncoding = 4; lastKnownFileType = text.script.python; path = PlotRandomDist.py; sourceTree = "<group>"; };
		497F475A1B01E7DA00541D6A /* PlotRandomDist.pyc */ = {isa = PBXFileReference; lastKnownFileType = file; path = PlotRandomDist.pyc; sourceTree = "<group>"; };
		497F475C1B01E7DA00541D6A /* Rantest.py */ = {isa = PBXFileReference; fileEncoding = 4; lastKnownFileType = text.script.python; path = Rantest.py; sourceTree = "<group>"; };
		497F475D1B01E7DA00541D6A /* Rantest.pyc */ = {isa = PBXFileReference; lastKnownFileType = file; path = Rantest.pyc; sourceTree = "<group>"; };
		497F475E1B01E7DA00541D6A /* ReadRandat.py */ = {isa = PBXFileReference; fileEncoding = 4; lastKnownFileType = text.script.python; path = ReadRandat.py; sourceTree = "<group>"; usesTabs = 1; };
		497F475F1B01E7DA00541D6A /* ReadRandat.pyc */ = {isa = PBXFileReference; lastKnownFileType = file; path = ReadRandat.pyc; sourceTree = "<group>"; };
		497F47631B01E7DA00541D6A /* test_hiP.txt */ = {isa = PBXFileReference; fileEncoding = 4; lastKnownFileType = text; path = test_hiP.txt; sourceTree = "<group>"; };
		4980E6671ECD8E8F002A53F4 /* Stats_test.py */ = {isa = PBXFileReference; fileEncoding = 4; lastKnownFileType = text.script.python; path = Stats_test.py; sourceTree = "<group>"; };
		4983FB211B093DFC00EAAC48 /* Hedges.py */ = {isa = PBXFileReference; fileEncoding = 4; lastKnownFileType = text.script.python; path = Hedges.py; sourceTree = "<group>"; };
/* End PBXFileReference section */

/* Begin PBXGroup section */
		497F471A1B01D5A900541D6A = {
			isa = PBXGroup;
			children = (
				4983FB211B093DFC00EAAC48 /* Hedges.py */,
				4980E6671ECD8E8F002A53F4 /* Stats_test.py */,
				497F47461B01E7DA00541D6A /* data_screen.py */,
				497F47471B01E7DA00541D6A /* data_screen.pyc */,
				497F47481B01E7DA00541D6A /* DC_PyPs_AP.txt */,
				497F47491B01E7DA00541D6A /* DC_Stats.py */,
				497F474A1B01E7DA00541D6A /* dca2.gif */,
				497F474B1B01E7DA00541D6A /* dca2.jpg */,
				497F474C1B01E7DA00541D6A /* dca2.png */,
				497F474D1B01E7DA00541D6A /* DistPlotParam.py */,
				497F474E1B01E7DA00541D6A /* DistPlotParam.pyc */,
				497F474F1B01E7DA00541D6A /* Fieller.py */,
				497F47501B01E7DA00541D6A /* Fieller.pyc */,
				497F47511B01E7DA00541D6A /* FrameFieller.py */,
				495F97241B188C33008F94B7 /* statistics_EJ.py */,
				497F47521B01E7DA00541D6A /* FrameFieller.pyc */,
				497F47531B01E7DA00541D6A /* FrameRantestBinomial.py */,
				497F47541B01E7DA00541D6A /* FrameRantestBinomial.pyc */,
				497F47561B01E7DA00541D6A /* FrameRantestContinuous.py */,
				497F47571B01E7DA00541D6A /* FrameRantestContinuous.pyc */,
				497F47591B01E7DA00541D6A /* PlotRandomDist.py */,
				497F475A1B01E7DA00541D6A /* PlotRandomDist.pyc */,
				497F475C1B01E7DA00541D6A /* Rantest.py */,
				497F475D1B01E7DA00541D6A /* Rantest.pyc */,
				497F475E1B01E7DA00541D6A /* ReadRandat.py */,
				497F475F1B01E7DA00541D6A /* ReadRandat.pyc */,
				497F47631B01E7DA00541D6A /* test_hiP.txt */,
				497F47581B01E7DA00541D6A /* test_lowP.txt */,
			);
			sourceTree = "<group>";
		};
/* End PBXGroup section */

/* Begin PBXLegacyTarget section */
		497F471F1B01D5A900541D6A /* DC Stats for Mac */ = {
			isa = PBXLegacyTarget;
			buildArgumentsString = "$(ACTION)";
			buildConfigurationList = 497F47221B01D5A900541D6A /* Build configuration list for PBXLegacyTarget "DC Stats for Mac" */;
			buildPhases = (
			);
			buildToolPath = /sw/bin/python2.7;
			dependencies = (
			);
			name = "DC Stats for Mac";
			passBuildSettingsInEnvironment = 1;
			productName = DC_Pyps;
		};
/* End PBXLegacyTarget section */

/* Begin PBXProject section */
		497F471B1B01D5A900541D6A /* Project object */ = {
			isa = PBXProject;
			attributes = {
				LastUpgradeCheck = 0830;
				ORGANIZATIONNAME = Andrew;
				TargetAttributes = {
					497F471F1B01D5A900541D6A = {
						CreatedOnToolsVersion = 6.3.1;
					};
				};
			};
			buildConfigurationList = 497F471E1B01D5A900541D6A /* Build configuration list for PBXProject "DC Stats for Mac" */;
			compatibilityVersion = "Xcode 3.2";
			developmentRegion = English;
			hasScannedForEncodings = 0;
			knownRegions = (
				en,
			);
			mainGroup = 497F471A1B01D5A900541D6A;
			projectDirPath = "";
			projectRoot = "";
			targets = (
				497F471F1B01D5A900541D6A /* DC Stats for Mac */,
			);
		};
/* End PBXProject section */

/* Begin XCBuildConfiguration section */
		497F47201B01D5A900541D6A /* Debug */ = {
			isa = XCBuildConfiguration;
			buildSettings = {
				ALWAYS_SEARCH_USER_PATHS = NO;
				CLANG_CXX_LANGUAGE_STANDARD = "gnu++0x";
				CLANG_CXX_LIBRARY = "libc++";
				CLANG_ENABLE_MODULES = YES;
				CLANG_ENABLE_OBJC_ARC = YES;
				CLANG_WARN_BOOL_CONVERSION = YES;
				CLANG_WARN_CONSTANT_CONVERSION = YES;
				CLANG_WARN_DIRECT_OBJC_ISA_USAGE = YES_ERROR;
				CLANG_WARN_EMPTY_BODY = YES;
				CLANG_WARN_ENUM_CONVERSION = YES;
				CLANG_WARN_INFINITE_RECURSION = YES;
				CLANG_WARN_INT_CONVERSION = YES;
				CLANG_WARN_OBJC_ROOT_CLASS = YES_ERROR;
				CLANG_WARN_SUSPICIOUS_MOVE = YES;
				CLANG_WARN_UNREACHABLE_CODE = YES;
				CLANG_WARN__DUPLICATE_METHOD_MATCH = YES;
				COPY_PHASE_STRIP = NO;
				DEBUG_INFORMATION_FORMAT = dwarf;
				ENABLE_STRICT_OBJC_MSGSEND = YES;
				ENABLE_TESTABILITY = YES;
				GCC_C_LANGUAGE_STANDARD = gnu99;
				GCC_DYNAMIC_NO_PIC = NO;
				GCC_NO_COMMON_BLOCKS = YES;
				GCC_OPTIMIZATION_LEVEL = 0;
				GCC_PREPROCESSOR_DEFINITIONS = (
					"DEBUG=1",
					"$(inherited)",
				);
				GCC_SYMBOLS_PRIVATE_EXTERN = NO;
				GCC_WARN_64_TO_32_BIT_CONVERSION = YES;
				GCC_WARN_ABOUT_RETURN_TYPE = YES_ERROR;
				GCC_WARN_UNDECLARED_SELECTOR = YES;
				GCC_WARN_UNINITIALIZED_AUTOS = YES_AGGRESSIVE;
				GCC_WARN_UNUSED_FUNCTION = YES;
				GCC_WARN_UNUSED_VARIABLE = YES;
				MACOSX_DEPLOYMENT_TARGET = 10.12;
				MTL_ENABLE_DEBUG_INFO = YES;
				ONLY_ACTIVE_ARCH = YES;
				SDKROOT = macosx;
			};
			name = Debug;
		};
		497F47211B01D5A900541D6A /* Release */ = {
			isa = XCBuildConfiguration;
			buildSettings = {
				ALWAYS_SEARCH_USER_PATHS = NO;
				CLANG_CXX_LANGUAGE_STANDARD = "gnu++0x";
				CLANG_CXX_LIBRARY = "libc++";
				CLANG_ENABLE_MODULES = YES;
				CLANG_ENABLE_OBJC_ARC = YES;
				CLANG_WARN_BOOL_CONVERSION = YES;
				CLANG_WARN_CONSTANT_CONVERSION = YES;
				CLANG_WARN_DIRECT_OBJC_ISA_USAGE = YES_ERROR;
				CLANG_WARN_EMPTY_BODY = YES;
				CLANG_WARN_ENUM_CONVERSION = YES;
				CLANG_WARN_INFINITE_RECURSION = YES;
				CLANG_WARN_INT_CONVERSION = YES;
				CLANG_WARN_OBJC_ROOT_CLASS = YES_ERROR;
				CLANG_WARN_SUSPICIOUS_MOVE = YES;
				CLANG_WARN_UNREACHABLE_CODE = YES;
				CLANG_WARN__DUPLICATE_METHOD_MATCH = YES;
				COPY_PHASE_STRIP = NO;
				DEBUG_INFORMATION_FORMAT = "dwarf-with-dsym";
				ENABLE_NS_ASSERTIONS = NO;
				ENABLE_STRICT_OBJC_MSGSEND = YES;
				GCC_C_LANGUAGE_STANDARD = gnu99;
				GCC_NO_COMMON_BLOCKS = YES;
				GCC_WARN_64_TO_32_BIT_CONVERSION = YES;
				GCC_WARN_ABOUT_RETURN_TYPE = YES_ERROR;
				GCC_WARN_UNDECLARED_SELECTOR = YES;
				GCC_WARN_UNINITIALIZED_AUTOS = YES_AGGRESSIVE;
				GCC_WARN_UNUSED_FUNCTION = YES;
				GCC_WARN_UNUSED_VARIABLE = YES;
				MACOSX_DEPLOYMENT_TARGET = 10.12;
				MTL_ENABLE_DEBUG_INFO = NO;
				SDKROOT = macosx;
			};
			name = Release;
		};
		497F47231B01D5A900541D6A /* Debug */ = {
			isa = XCBuildConfiguration;
			buildSettings = {
				DEBUGGING_SYMBOLS = YES;
				GCC_GENERATE_DEBUGGING_SYMBOLS = YES;
				GCC_OPTIMIZATION_LEVEL = 0;
				OTHER_CFLAGS = "";
				OTHER_LDFLAGS = "";
				PRODUCT_NAME = "$(TARGET_NAME)";
			};
			name = Debug;
		};
		497F47241B01D5A900541D6A /* Release */ = {
			isa = XCBuildConfiguration;
			buildSettings = {
				OTHER_CFLAGS = "";
				OTHER_LDFLAGS = "";
				PRODUCT_NAME = "$(TARGET_NAME)";
			};
			name = Release;
		};
/* End XCBuildConfiguration section */

/* Begin XCConfigurationList section */
		497F471E1B01D5A900541D6A /* Build configuration list for PBXProject "DC Stats for Mac" */ = {
			isa = XCConfigurationList;
			buildConfigurations = (
				497F47201B01D5A900541D6A /* Debug */,
				497F47211B01D5A900541D6A /* Release */,
			);
			defaultConfigurationIsVisible = 0;
			defaultConfigurationName = Release;
		};
		497F47221B01D5A900541D6A /* Build configuration list for PBXLegacyTarget "DC Stats for Mac" */ = {
			isa = XCConfigurationList;
			buildConfigurations = (
				497F47231B01D5A900541D6A /* Debug */,
				497F47241B01D5A900541D6A /* Release */,
			);
			defaultConfigurationIsVisible = 0;
			defaultConfigurationName = Release;
		};
/* End XCConfigurationList section */
	};
	rootObject = 497F471B1B01D5A900541D6A /* Project object */;
}
